
Microsoft Visual Studio Solution File, Format Version 12.00
# Visual Studio Version 16
VisualStudioVersion = 16.0.30011.22
MinimumVisualStudioVersion = 10.0.40219.1
Project("{FAE04EC0-301F-11D3-BF4B-00C04F79EFBC}") = "XAML_learning.UWP", "XAML_learning.UWP\XAML_learning.UWP.csproj", "{B2A315A4-79D0-4C3B-94B4-9DAFFFB52478}"
EndProject
Project("{FAE04EC0-301F-11D3-BF4B-00C04F79EFBC}") = "XAML_learning.Android", "XAML_learning.Android\XAML_learning.Android.csproj", "{8D1297A8-1AFF-4C72-B1CC-34D485E22176}"
EndProject
Project("{FAE04EC0-301F-11D3-BF4B-00C04F79EFBC}") = "XAML_learning.iOS", "XAML_learning.iOS\XAML_learning.iOS.csproj", "{A78F675F-91DE-40D7-9576-121EC41D9ED5}"
EndProject
Project("{FAE04EC0-301F-11D3-BF4B-00C04F79EFBC}") = "XAML_learning", "XAML_learning\XAML_learning.csproj", "{F8823E5C-7FC9-420A-9D06-C584852FC948}"
EndProject
Global
	GlobalSection(SolutionConfigurationPlatforms) = preSolution
		Debug|Any CPU = Debug|Any CPU
		Debug|ARM = Debug|ARM
		Debug|iPhone = Debug|iPhone
		Debug|iPhoneSimulator = Debug|iPhoneSimulator
		Debug|x64 = Debug|x64
		Debug|x86 = Debug|x86
		Release|Any CPU = Release|Any CPU
		Release|ARM = Release|ARM
		Release|iPhone = Release|iPhone
		Release|iPhoneSimulator = Release|iPhoneSimulator
		Release|x64 = Release|x64
		Release|x86 = Release|x86
	EndGlobalSection
	GlobalSection(ProjectConfigurationPlatforms) = postSolution
		{B2A315A4-79D0-4C3B-94B4-9DAFFFB52478}.Debug|Any CPU.ActiveCfg = Debug|x86
		{B2A315A4-79D0-4C3B-94B4-9DAFFFB52478}.Debug|Any CPU.Build.0 = Debug|x86
		{B2A315A4-79D0-4C3B-94B4-9DAFFFB52478}.Debug|Any CPU.Deploy.0 = Debug|x86
		{B2A315A4-79D0-4C3B-94B4-9DAFFFB52478}.Debug|ARM.ActiveCfg = Debug|ARM
		{B2A315A4-79D0-4C3B-94B4-9DAFFFB52478}.Debug|ARM.Build.0 = Debug|ARM
		{B2A315A4-79D0-4C3B-94B4-9DAFFFB52478}.Debug|ARM.Deploy.0 = Debug|ARM
		{B2A315A4-79D0-4C3B-94B4-9DAFFFB52478}.Debug|iPhone.ActiveCfg = Debug|x86
		{B2A315A4-79D0-4C3B-94B4-9DAFFFB52478}.Debug|iPhone.Build.0 = Debug|x86
		{B2A315A4-79D0-4C3B-94B4-9DAFFFB52478}.Debug|iPhone.Deploy.0 = Debug|x86
		{B2A315A4-79D0-4C3B-94B4-9DAFFFB52478}.Debug|iPhoneSimulator.ActiveCfg = Debug|x86
		{B2A315A4-79D0-4C3B-94B4-9DAFFFB52478}.Debug|iPhoneSimulator.Build.0 = Debug|x86
		{B2A315A4-79D0-4C3B-94B4-9DAFFFB52478}.Debug|iPhoneSimulator.Deploy.0 = Debug|x86
		{B2A315A4-79D0-4C3B-94B4-9DAFFFB52478}.Debug|x64.ActiveCfg = Debug|x64
		{B2A315A4-79D0-4C3B-94B4-9DAFFFB52478}.Debug|x64.Build.0 = Debug|x64
		{B2A315A4-79D0-4C3B-94B4-9DAFFFB52478}.Debug|x64.Deploy.0 = Debug|x64
		{B2A315A4-79D0-4C3B-94B4-9DAFFFB52478}.Debug|x86.ActiveCfg = Debug|x86
		{B2A315A4-79D0-4C3B-94B4-9DAFFFB52478}.Debug|x86.Build.0 = Debug|x86
		{B2A315A4-79D0-4C3B-94B4-9DAFFFB52478}.Debug|x86.Deploy.0 = Debug|x86
		{B2A315A4-79D0-4C3B-94B4-9DAFFFB52478}.Release|Any CPU.ActiveCfg = Release|x86
		{B2A315A4-79D0-4C3B-94B4-9DAFFFB52478}.Release|Any CPU.Build.0 = Release|x86
		{B2A315A4-79D0-4C3B-94B4-9DAFFFB52478}.Release|Any CPU.Deploy.0 = Release|x86
		{B2A315A4-79D0-4C3B-94B4-9DAFFFB52478}.Release|ARM.ActiveCfg = Release|ARM
		{B2A315A4-79D0-4C3B-94B4-9DAFFFB52478}.Release|ARM.Build.0 = Release|ARM
		{B2A315A4-79D0-4C3B-94B4-9DAFFFB52478}.Release|ARM.Deploy.0 = Release|ARM
		{B2A315A4-79D0-4C3B-94B4-9DAFFFB52478}.Release|iPhone.ActiveCfg = Release|x86
		{B2A315A4-79D0-4C3B-94B4-9DAFFFB52478}.Release|iPhone.Build.0 = Release|x86
		{B2A315A4-79D0-4C3B-94B4-9DAFFFB52478}.Release|iPhone.Deploy.0 = Release|x86
		{B2A315A4-79D0-4C3B-94B4-9DAFFFB52478}.Release|iPhoneSimulator.ActiveCfg = Release|x86
		{B2A315A4-79D0-4C3B-94B4-9DAFFFB52478}.Release|iPhoneSimulator.Build.0 = Release|x86
		{B2A315A4-79D0-4C3B-94B4-9DAFFFB52478}.Release|iPhoneSimulator.Deploy.0 = Release|x86
		{B2A315A4-79D0-4C3B-94B4-9DAFFFB52478}.Release|x64.ActiveCfg = Release|x64
		{B2A315A4-79D0-4C3B-94B4-9DAFFFB52478}.Release|x64.Build.0 = Release|x64
		{B2A315A4-79D0-4C3B-94B4-9DAFFFB52478}.Release|x64.Deploy.0 = Release|x64
		{B2A315A4-79D0-4C3B-94B4-9DAFFFB52478}.Release|x86.ActiveCfg = Release|x86
		{B2A315A4-79D0-4C3B-94B4-9DAFFFB52478}.Release|x86.Build.0 = Release|x86
		{B2A315A4-79D0-4C3B-94B4-9DAFFFB52478}.Release|x86.Deploy.0 = Release|x86
		{8D1297A8-1AFF-4C72-B1CC-34D485E22176}.Debug|Any CPU.ActiveCfg = Debug|Any CPU
		{8D1297A8-1AFF-4C72-B1CC-34D485E22176}.Debug|Any CPU.Build.0 = Debug|Any CPU
		{8D1297A8-1AFF-4C72-B1CC-34D485E22176}.Debug|Any CPU.Deploy.0 = Debug|Any CPU
		{8D1297A8-1AFF-4C72-B1CC-34D485E22176}.Debug|ARM.ActiveCfg = Debug|Any CPU
		{8D1297A8-1AFF-4C72-B1CC-34D485E22176}.Debug|ARM.Build.0 = Debug|Any CPU
		{8D1297A8-1AFF-4C72-B1CC-34D485E22176}.Debug|ARM.Deploy.0 = Debug|Any CPU
		{8D1297A8-1AFF-4C72-B1CC-34D485E22176}.Debug|iPhone.ActiveCfg = Debug|Any CPU
		{8D1297A8-1AFF-4C72-B1CC-34D485E22176}.Debug|iPhone.Build.0 = Debug|Any CPU
		{8D1297A8-1AFF-4C72-B1CC-34D485E22176}.Debug|iPhone.Deploy.0 = Debug|Any CPU
		{8D1297A8-1AFF-4C72-B1CC-34D485E22176}.Debug|iPhoneSimulator.ActiveCfg = Debug|Any CPU
		{8D1297A8-1AFF-4C72-B1CC-34D485E22176}.Debug|iPhoneSimulator.Build.0 = Debug|Any CPU
		{8D1297A8-1AFF-4C72-B1CC-34D485E22176}.Debug|iPhoneSimulator.Deploy.0 = Debug|Any CPU
		{8D1297A8-1AFF-4C72-B1CC-34D485E22176}.Debug|x64.ActiveCfg = Debug|Any CPU
		{8D1297A8-1AFF-4C72-B1CC-34D485E22176}.Debug|x64.Build.0 = Debug|Any CPU
		{8D1297A8-1AFF-4C72-B1CC-34D485E22176}.Debug|x64.Deploy.0 = Debug|Any CPU
		{8D1297A8-1AFF-4C72-B1CC-34D485E22176}.Debug|x86.ActiveCfg = Debug|Any CPU
		{8D1297A8-1AFF-4C72-B1CC-34D485E22176}.Debug|x86.Build.0 = Debug|Any CPU
		{8D1297A8-1AFF-4C72-B1CC-34D485E22176}.Debug|x86.Deploy.0 = Debug|Any CPU
		{8D1297A8-1AFF-4C72-B1CC-34D485E22176}.Release|Any CPU.ActiveCfg = Release|Any CPU
		{8D1297A8-1AFF-4C72-B1CC-34D485E22176}.Release|Any CPU.Build.0 = Release|Any CPU
		{8D1297A8-1AFF-4C72-B1CC-34D485E22176}.Release|Any CPU.Deploy.0 = Release|Any CPU
		{8D1297A8-1AFF-4C72-B1CC-34D485E22176}.Release|ARM.ActiveCfg = Release|Any CPU
		{8D1297A8-1AFF-4C72-B1CC-34D485E22176}.Release|ARM.Build.0 = Release|Any CPU
		{8D1297A8-1AFF-4C72-B1CC-34D485E22176}.Release|ARM.Deploy.0 = Release|Any CPU
		{8D1297A8-1AFF-4C72-B1CC-34D485E22176}.Release|iPhone.ActiveCfg = Release|Any CPU
		{8D1297A8-1AFF-4C72-B1CC-34D485E22176}.Release|iPhone.Build.0 = Release|Any CPU
		{8D1297A8-1AFF-4C72-B1CC-34D485E22176}.Release|iPhone.Deploy.0 = Release|Any CPU
		{8D1297A8-1AFF-4C72-B1CC-34D485E22176}.Release|iPhoneSimulator.ActiveCfg = Release|Any CPU
		{8D1297A8-1AFF-4C72-B1CC-34D485E22176}.Release|iPhoneSimulator.Build.0 = Release|Any CPU
		{8D1297A8-1AFF-4C72-B1CC-34D485E22176}.Release|iPhoneSimulator.Deploy.0 = Release|Any CPU
		{8D1297A8-1AFF-4C72-B1CC-34D485E22176}.Release|x64.ActiveCfg = Release|Any CPU
		{8D1297A8-1AFF-4C72-B1CC-34D485E22176}.Release|x64.Build.0 = Release|Any CPU
		{8D1297A8-1AFF-4C72-B1CC-34D485E22176}.Release|x64.Deploy.0 = Release|Any CPU
		{8D1297A8-1AFF-4C72-B1CC-34D485E22176}.Release|x86.ActiveCfg = Release|Any CPU
		{8D1297A8-1AFF-4C72-B1CC-34D485E22176}.Release|x86.Build.0 = Release|Any CPU
		{8D1297A8-1AFF-4C72-B1CC-34D485E22176}.Release|x86.Deploy.0 = Release|Any CPU
		{A78F675F-91DE-40D7-9576-121EC41D9ED5}.Debug|Any CPU.ActiveCfg = Debug|iPhone
		{A78F675F-91DE-40D7-9576-121EC41D9ED5}.Debug|Any CPU.Build.0 = Debug|iPhone
		{A78F675F-91DE-40D7-9576-121EC41D9ED5}.Debug|Any CPU.Deploy.0 = Debug|iPhone
		{A78F675F-91DE-40D7-9576-121EC41D9ED5}.Debug|ARM.ActiveCfg = Debug|iPhone
		{A78F675F-91DE-40D7-9576-121EC41D9ED5}.Debug|ARM.Build.0 = Debug|iPhone
		{A78F675F-91DE-40D7-9576-121EC41D9ED5}.Debug|ARM.Deploy.0 = Debug|iPhone
		{A78F675F-91DE-40D7-9576-121EC41D9ED5}.Debug|iPhone.ActiveCfg = Debug|iPhone
		{A78F675F-91DE-40D7-9576-121EC41D9ED5}.Debug|iPhone.Build.0 = Debug|iPhone
		{A78F675F-91DE-40D7-9576-121EC41D9ED5}.Debug|iPhone.Deploy.0 = Debug|iPhone
		{A78F675F-91DE-40D7-9576-121EC41D9ED5}.Debug|iPhoneSimulator.ActiveCfg = Debug|iPhoneSimulator
		{A78F675F-91DE-40D7-9576-121EC41D9ED5}.Debug|iPhoneSimulator.Build.0 = Debug|iPhoneSimulator
		{A78F675F-91DE-40D7-9576-121EC41D9ED5}.Debug|iPhoneSimulator.Deploy.0 = Debug|iPhoneSimulator
		{A78F675F-91DE-40D7-9576-121EC41D9ED5}.Debug|x64.ActiveCfg = Debug|iPhone
		{A78F675F-91DE-40D7-9576-121EC41D9ED5}.Debug|x64.Build.0 = Debug|iPhone
		{A78F675F-91DE-40D7-9576-121EC41D9ED5}.Debug|x64.Deploy.0 = Debug|iPhone
		{A78F675F-91DE-40D7-9576-121EC41D9ED5}.Debug|x86.ActiveCfg = Debug|iPhone
		{A78F675F-91DE-40D7-9576-121EC41D9ED5}.Debug|x86.Build.0 = Debug|iPhone
		{A78F675F-91DE-40D7-9576-121EC41D9ED5}.Debug|x86.Deploy.0 = Debug|iPhone
		{A78F675F-91DE-40D7-9576-121EC41D9ED5}.Release|Any CPU.ActiveCfg = Release|iPhone
		{A78F675F-91DE-40D7-9576-121EC41D9ED5}.Release|Any CPU.Build.0 = Release|iPhone
		{A78F675F-91DE-40D7-9576-121EC41D9ED5}.Release|Any CPU.Deploy.0 = Release|iPhone
		{A78F675F-91DE-40D7-9576-121EC41D9ED5}.Release|ARM.ActiveCfg = Release|iPhone
		{A78F675F-91DE-40D7-9576-121EC41D9ED5}.Release|ARM.Build.0 = Release|iPhone
		{A78F675F-91DE-40D7-9576-121EC41D9ED5}.Release|ARM.Deploy.0 = Release|iPhone
		{A78F675F-91DE-40D7-9576-121EC41D9ED5}.Release|iPhone.ActiveCfg = Release|iPhone
		{A78F675F-91DE-40D7-9576-121EC41D9ED5}.Release|iPhone.Build.0 = Release|iPhone
		{A78F675F-91DE-40D7-9576-121EC41D9ED5}.Release|iPhone.Deploy.0 = Release|iPhone
		{A78F675F-91DE-40D7-9576-121EC41D9ED5}.Release|iPhoneSimulator.ActiveCfg = Release|iPhoneSimulator
		{A78F675F-91DE-40D7-9576-121EC41D9ED5}.Release|iPhoneSimulator.Build.0 = Release|iPhoneSimulator
		{A78F675F-91DE-40D7-9576-121EC41D9ED5}.Release|iPhoneSimulator.Deploy.0 = Release|iPhoneSimulator
		{A78F675F-91DE-40D7-9576-121EC41D9ED5}.Release|x64.ActiveCfg = Release|iPhone
		{A78F675F-91DE-40D7-9576-121EC41D9ED5}.Release|x64.Build.0 = Release|iPhone
		{A78F675F-91DE-40D7-9576-121EC41D9ED5}.Release|x64.Deploy.0 = Release|iPhone
		{A78F675F-91DE-40D7-9576-121EC41D9ED5}.Release|x86.ActiveCfg = Release|iPhone
		{A78F675F-91DE-40D7-9576-121EC41D9ED5}.Release|x86.Build.0 = Release|iPhone
		{A78F675F-91DE-40D7-9576-121EC41D9ED5}.Release|x86.Deploy.0 = Release|iPhone
		{F8823E5C-7FC9-420A-9D06-C584852FC948}.Debug|Any CPU.ActiveCfg = Debug|Any CPU
		{F8823E5C-7FC9-420A-9D06-C584852FC948}.Debug|Any CPU.Build.0 = Debug|Any CPU
		{F8823E5C-7FC9-420A-9D06-C584852FC948}.Debug|Any CPU.Deploy.0 = Debug|Any CPU
		{F8823E5C-7FC9-420A-9D06-C584852FC948}.Debug|ARM.ActiveCfg = Debug|Any CPU
		{F8823E5C-7FC9-420A-9D06-C584852FC948}.Debug|ARM.Build.0 = Debug|Any CPU
		{F8823E5C-7FC9-420A-9D06-C584852FC948}.Debug|ARM.Deploy.0 = Debug|Any CPU
		{F8823E5C-7FC9-420A-9D06-C584852FC948}.Debug|iPhone.ActiveCfg = Debug|Any CPU
		{F8823E5C-7FC9-420A-9D06-C584852FC948}.Debug|iPhone.Build.0 = Debug|Any CPU
		{F8823E5C-7FC9-420A-9D06-C584852FC948}.Debug|iPhone.Deploy.0 = Debug|Any CPU
		{F8823E5C-7FC9-420A-9D06-C584852FC948}.Debug|iPhoneSimulator.ActiveCfg = Debug|Any CPU
		{F8823E5C-7FC9-420A-9D06-C584852FC948}.Debug|iPhoneSimulator.Build.0 = Debug|Any CPU
		{F8823E5C-7FC9-420A-9D06-C584852FC948}.Debug|iPhoneSimulator.Deploy.0 = Debug|Any CPU
		{F8823E5C-7FC9-420A-9D06-C584852FC948}.Debug|x64.ActiveCfg = Debug|Any CPU
		{F8823E5C-7FC9-420A-9D06-C584852FC948}.Debug|x64.Build.0 = Debug|Any CPU
		{F8823E5C-7FC9-420A-9D06-C584852FC948}.Debug|x64.Deploy.0 = Debug|Any CPU
		{F8823E5C-7FC9-420A-9D06-C584852FC948}.Debug|x86.ActiveCfg = Debug|Any CPU
		{F8823E5C-7FC9-420A-9D06-C584852FC948}.Debug|x86.Build.0 = Debug|Any CPU
		{F8823E5C-7FC9-420A-9D06-C584852FC948}.Debug|x86.Deploy.0 = Debug|Any CPU
		{F8823E5C-7FC9-420A-9D06-C584852FC948}.Release|Any CPU.ActiveCfg = Release|Any CPU
		{F8823E5C-7FC9-420A-9D06-C584852FC948}.Release|Any CPU.Build.0 = Release|Any CPU
		{F8823E5C-7FC9-420A-9D06-C584852FC948}.Release|Any CPU.Deploy.0 = Release|Any CPU
		{F8823E5C-7FC9-420A-9D06-C584852FC948}.Release|ARM.ActiveCfg = Release|Any CPU
		{F8823E5C-7FC9-420A-9D06-C584852FC948}.Release|ARM.Build.0 = Release|Any CPU
		{F8823E5C-7FC9-420A-9D06-C584852FC948}.Release|ARM.Deploy.0 = Release|Any CPU
		{F8823E5C-7FC9-420A-9D06-C584852FC948}.Release|iPhone.ActiveCfg = Release|Any CPU
		{F8823E5C-7FC9-420A-9D06-C584852FC948}.Release|iPhone.Build.0 = Release|Any CPU
		{F8823E5C-7FC9-420A-9D06-C584852FC948}.Release|iPhone.Deploy.0 = Release|Any CPU
		{F8823E5C-7FC9-420A-9D06-C584852FC948}.Release|iPhoneSimulator.ActiveCfg = Release|Any CPU
		{F8823E5C-7FC9-420A-9D06-C584852FC948}.Release|iPhoneSimulator.Build.0 = Release|Any CPU
		{F8823E5C-7FC9-420A-9D06-C584852FC948}.Release|iPhoneSimulator.Deploy.0 = Release|Any CPU
		{F8823E5C-7FC9-420A-9D06-C584852FC948}.Release|x64.ActiveCfg = Release|Any CPU
		{F8823E5C-7FC9-420A-9D06-C584852FC948}.Release|x64.Build.0 = Release|Any CPU
		{F8823E5C-7FC9-420A-9D06-C584852FC948}.Release|x64.Deploy.0 = Release|Any CPU
		{F8823E5C-7FC9-420A-9D06-C584852FC948}.Release|x86.ActiveCfg = Release|Any CPU
		{F8823E5C-7FC9-420A-9D06-C584852FC948}.Release|x86.Build.0 = Release|Any CPU
		{F8823E5C-7FC9-420A-9D06-C584852FC948}.Release|x86.Deploy.0 = Release|Any CPU
	EndGlobalSection
	GlobalSection(SolutionProperties) = preSolution
		HideSolutionNode = FALSE
	EndGlobalSection
	GlobalSection(ExtensibilityGlobals) = postSolution
		SolutionGuid = {AD4E3E9C-960C-4012-8211-AE0EB230FAAA}
	EndGlobalSection
EndGlobal
